
Microsoft Visual Studio Solution File, Format Version 12.00
# Visual Studio Version 17
VisualStudioVersion = 17.14.37111.16 d17.14
MinimumVisualStudioVersion = 10.0.40219.1
Project("{FAE04EC0-301F-11D3-BF4B-00C04F79EFBC}") = "waPW2026", "waPW2026.csproj", "{B9EC9D35-7159-464D-8A71-EE986008B1FF}"
EndProject
Global
	GlobalSection(SolutionConfigurationPlatforms) = preSolution
		Debug|Any CPU = Debug|Any CPU
		Release|Any CPU = Release|Any CPU
	EndGlobalSection
	GlobalSection(ProjectConfigurationPlatforms) = postSolution
		{B9EC9D35-7159-464D-8A71-EE986008B1FF}.Debug|Any CPU.ActiveCfg = Debug|Any CPU
		{B9EC9D35-7159-464D-8A71-EE986008B1FF}.Debug|Any CPU.Build.0 = Debug|Any CPU
		{B9EC9D35-7159-464D-8A71-EE986008B1FF}.Release|Any CPU.ActiveCfg = Release|Any CPU
		{B9EC9D35-7159-464D-8A71-EE986008B1FF}.Release|Any CPU.Build.0 = Release|Any CPU
	EndGlobalSection
	GlobalSection(SolutionProperties) = preSolution
		HideSolutionNode = FALSE
	EndGlobalSection
	GlobalSection(ExtensibilityGlobals) = postSolution
		SolutionGuid = {8FD709B1-C68D-4EAA-9FA4-19A5FF265851}
	EndGlobalSection
EndGlobal
